
Microsoft Visual Studio Solution File, Format Version 12.00
# Visual Studio Version 16
VisualStudioVersion = 16.0.31019.35
MinimumVisualStudioVersion = 10.0.40219.1
Project("{FAE04EC0-301F-11D3-BF4B-00C04F79EFBC}") = "LucasAlcantara.SensitiveData.Obfuscation", "LucasAlcantara.SensitiveData.Obfuscation\LucasAlcantara.SensitiveData.Obfuscation.csproj", "{4486F32E-0571-47E5-9B5D-35CB407808CE}"
EndProject
Project("{FAE04EC0-301F-11D3-BF4B-00C04F79EFBC}") = "LucasAlcantara.SensitiveData.Obfuscation.Tests", "LucasAlcantara.SensitiveData.Obfuscation.Tests\LucasAlcantara.SensitiveData.Obfuscation.Tests.csproj", "{7166A11A-9C2D-4285-8BE4-ADBBA0CFEB6D}"
EndProject
Global
	GlobalSection(SolutionConfigurationPlatforms) = preSolution
		Debug|Any CPU = Debug|Any CPU
		Release|Any CPU = Release|Any CPU
	EndGlobalSection
	GlobalSection(ProjectConfigurationPlatforms) = postSolution
		{4486F32E-0571-47E5-9B5D-35CB407808CE}.Debug|Any CPU.ActiveCfg = Debug|Any CPU
		{4486F32E-0571-47E5-9B5D-35CB407808CE}.Debug|Any CPU.Build.0 = Debug|Any CPU
		{4486F32E-0571-47E5-9B5D-35CB407808CE}.Release|Any CPU.ActiveCfg = Release|Any CPU
		{4486F32E-0571-47E5-9B5D-35CB407808CE}.Release|Any CPU.Build.0 = Release|Any CPU
		{7166A11A-9C2D-4285-8BE4-ADBBA0CFEB6D}.Debug|Any CPU.ActiveCfg = Debug|Any CPU
		{7166A11A-9C2D-4285-8BE4-ADBBA0CFEB6D}.Debug|Any CPU.Build.0 = Debug|Any CPU
		{7166A11A-9C2D-4285-8BE4-ADBBA0CFEB6D}.Release|Any CPU.ActiveCfg = Release|Any CPU
		{7166A11A-9C2D-4285-8BE4-ADBBA0CFEB6D}.Release|Any CPU.Build.0 = Release|Any CPU
	EndGlobalSection
	GlobalSection(SolutionProperties) = preSolution
		HideSolutionNode = FALSE
	EndGlobalSection
	GlobalSection(ExtensibilityGlobals) = postSolution
		SolutionGuid = {1A0B9364-D51C-423D-8853-A125C6E3EFD8}
	EndGlobalSection
EndGlobal
